
Microsoft Visual Studio Solution File, Format Version 12.00
# Visual Studio Version 17
VisualStudioVersion = 17.6.33829.357
MinimumVisualStudioVersion = 10.0.40219.1
Project("{8BC9CEB8-8B4A-11D0-8D11-00A0C91BC942}") = "TestIodine", "TestIodine\TestIodine.vcxproj", "{591A6681-5678-4C12-A0AF-60C256766C4F}"
EndProject
Global
	GlobalSection(SolutionConfigurationPlatforms) = preSolution
		Debug|x64 = Debug|x64
		Release|x64 = Release|x64
	EndGlobalSection
	GlobalSection(ProjectConfigurationPlatforms) = postSolution
		{591A6681-5678-4C12-A0AF-60C256766C4F}.Debug|x64.ActiveCfg = Debug|x64
		{591A6681-5678-4C12-A0AF-60C256766C4F}.Debug|x64.Build.0 = Debug|x64
		{591A6681-5678-4C12-A0AF-60C256766C4F}.Release|x64.ActiveCfg = Release|x64
		{591A6681-5678-4C12-A0AF-60C256766C4F}.Release|x64.Build.0 = Release|x64
	EndGlobalSection
	GlobalSection(SolutionProperties) = preSolution
		HideSolutionNode = FALSE
	EndGlobalSection
	GlobalSection(ExtensibilityGlobals) = postSolution
		SolutionGuid = {3756AB7F-E212-4C48-B035-6DD2ACFE2BEC}
	EndGlobalSection
EndGlobal
